// !$*UTF8*$!
{
	archiveVersion = 1;
	classes = {
	};
	objectVersion = 50;
	objects = {

/* Begin PBXBuildFile section */
		576116AD260EA2A30079A0B6 /* GUIAppApp.swift in Sources */ = {isa = PBXBuildFile; fileRef = 576116AC260EA2A30079A0B6 /* GUIAppApp.swift */; };
		576116AF260EA2A30079A0B6 /* ContentView.swift in Sources */ = {isa = PBXBuildFile; fileRef = 576116AE260EA2A30079A0B6 /* ContentView.swift */; };
		576116B1260EA2A40079A0B6 /* Assets.xcassets in Resources */ = {isa = PBXBuildFile; fileRef = 576116B0260EA2A40079A0B6 /* Assets.xcassets */; };
		576116B4260EA2A40079A0B6 /* Preview Assets.xcassets in Resources */ = {isa = PBXBuildFile; fileRef = 576116B3260EA2A40079A0B6 /* Preview Assets.xcassets */; };
		576116C1260EA3AE0079A0B6 /* UIColorExtension.swift in Sources */ = {isa = PBXBuildFile; fileRef = 576116BE260EA3AE0079A0B6 /* UIColorExtension.swift */; };
		576116C2260EA3AE0079A0B6 /* ColorExtension.swift in Sources */ = {isa = PBXBuildFile; fileRef = 576116BF260EA3AE0079A0B6 /* ColorExtension.swift */; };
		576116C3260EA3AE0079A0B6 /* LinearGradientExtension.swift in Sources */ = {isa = PBXBuildFile; fileRef = 576116C0260EA3AE0079A0B6 /* LinearGradientExtension.swift */; };
		576116C8260EA9050079A0B6 /* ViewExtension.swift in Sources */ = {isa = PBXBuildFile; fileRef = 576116C7260EA9050079A0B6 /* ViewExtension.swift */; };
		576B2933262772DA00E5AE31 /* SetUpOne.swift in Sources */ = {isa = PBXBuildFile; fileRef = 576B2932262772DA00E5AE31 /* SetUpOne.swift */; };
		576B29622627B23300E5AE31 /* SetUpTwo.swift in Sources */ = {isa = PBXBuildFile; fileRef = 576B29612627B23300E5AE31 /* SetUpTwo.swift */; };
		576B29662628E70000E5AE31 /* Guitar1.jpg in Resources */ = {isa = PBXBuildFile; fileRef = 576B29652628E70000E5AE31 /* Guitar1.jpg */; };
		576B2974262A383E00E5AE31 /* GuiPickupButton.swift in Sources */ = {isa = PBXBuildFile; fileRef = 576B2973262A383E00E5AE31 /* GuiPickupButton.swift */; };
/* End PBXBuildFile section */

/* Begin PBXFileReference section */
		576116A9260EA2A30079A0B6 /* GUIApp.app */ = {isa = PBXFileReference; explicitFileType = wrapper.application; includeInIndex = 0; path = GUIApp.app; sourceTree = BUILT_PRODUCTS_DIR; };
		576116AC260EA2A30079A0B6 /* GUIAppApp.swift */ = {isa = PBXFileReference; lastKnownFileType = sourcecode.swift; path = GUIAppApp.swift; sourceTree = "<group>"; };
		576116AE260EA2A30079A0B6 /* ContentView.swift */ = {isa = PBXFileReference; lastKnownFileType = sourcecode.swift; path = ContentView.swift; sourceTree = "<group>"; };
		576116B0260EA2A40079A0B6 /* Assets.xcassets */ = {isa = PBXFileReference; lastKnownFileType = folder.assetcatalog; path = Assets.xcassets; sourceTree = "<group>"; };
		576116B3260EA2A40079A0B6 /* Preview Assets.xcassets */ = {isa = PBXFileReference; lastKnownFileType = folder.assetcatalog; path = "Preview Assets.xcassets"; sourceTree = "<group>"; };
		576116B5260EA2A40079A0B6 /* Info.plist */ = {isa = PBXFileReference; lastKnownFileType = text.plist.xml; path = Info.plist; sourceTree = "<group>"; };
		576116BE260EA3AE0079A0B6 /* UIColorExtension.swift */ = {isa = PBXFileReference; fileEncoding = 4; lastKnownFileType = sourcecode.swift; path = UIColorExtension.swift; sourceTree = "<group>"; };
		576116BF260EA3AE0079A0B6 /* ColorExtension.swift */ = {isa = PBXFileReference; fileEncoding = 4; lastKnownFileType = sourcecode.swift; path = ColorExtension.swift; sourceTree = "<group>"; };
		576116C0260EA3AE0079A0B6 /* LinearGradientExtension.swift */ = {isa = PBXFileReference; fileEncoding = 4; lastKnownFileType = sourcecode.swift; path = LinearGradientExtension.swift; sourceTree = "<group>"; };
		576116C7260EA9050079A0B6 /* ViewExtension.swift */ = {isa = PBXFileReference; fileEncoding = 4; lastKnownFileType = sourcecode.swift; path = ViewExtension.swift; sourceTree = "<group>"; };
		576B2932262772DA00E5AE31 /* SetUpOne.swift */ = {isa = PBXFileReference; fileEncoding = 4; lastKnownFileType = sourcecode.swift; path = SetUpOne.swift; sourceTree = "<group>"; };
		576B29612627B23300E5AE31 /* SetUpTwo.swift */ = {isa = PBXFileReference; lastKnownFileType = sourcecode.swift; path = SetUpTwo.swift; sourceTree = "<group>"; };
		576B29652628E70000E5AE31 /* Guitar1.jpg */ = {isa = PBXFileReference; lastKnownFileType = image.jpeg; path = Guitar1.jpg; sourceTree = "<group>"; };
		576B2973262A383E00E5AE31 /* GuiPickupButton.swift */ = {isa = PBXFileReference; lastKnownFileType = sourcecode.swift; path = GuiPickupButton.swift; sourceTree = "<group>"; };
/* End PBXFileReference section */

/* Begin PBXFrameworksBuildPhase section */
		576116A6260EA2A30079A0B6 /* Frameworks */ = {
			isa = PBXFrameworksBuildPhase;
			buildActionMask = 2147483647;
			files = (
			);
			runOnlyForDeploymentPostprocessing = 0;
		};
/* End PBXFrameworksBuildPhase section */

/* Begin PBXGroup section */
		576116A0260EA2A30079A0B6 = {
			isa = PBXGroup;
			children = (
				576B2972262A381200E5AE31 /* GuiExt */,
				576116BC260EA3420079A0B6 /* NeumorpExt */,
				576116AB260EA2A30079A0B6 /* GUIApp */,
				576116AA260EA2A30079A0B6 /* Products */,
			);
			sourceTree = "<group>";
		};
		576116AA260EA2A30079A0B6 /* Products */ = {
			isa = PBXGroup;
			children = (
				576116A9260EA2A30079A0B6 /* GUIApp.app */,
			);
			name = Products;
			sourceTree = "<group>";
		};
		576116AB260EA2A30079A0B6 /* GUIApp */ = {
			isa = PBXGroup;
			children = (
				576116AC260EA2A30079A0B6 /* GUIAppApp.swift */,
				576116AE260EA2A30079A0B6 /* ContentView.swift */,
				576B2932262772DA00E5AE31 /* SetUpOne.swift */,
				576B29612627B23300E5AE31 /* SetUpTwo.swift */,
				576116B0260EA2A40079A0B6 /* Assets.xcassets */,
				576B29652628E70000E5AE31 /* Guitar1.jpg */,
				576116B5260EA2A40079A0B6 /* Info.plist */,
				576116B2260EA2A40079A0B6 /* Preview Content */,
			);
			path = GUIApp;
			sourceTree = "<group>";
		};
		576116B2260EA2A40079A0B6 /* Preview Content */ = {
			isa = PBXGroup;
			children = (
				576116B3260EA2A40079A0B6 /* Preview Assets.xcassets */,
			);
			path = "Preview Content";
			sourceTree = "<group>";
		};
		576116BC260EA3420079A0B6 /* NeumorpExt */ = {
			isa = PBXGroup;
			children = (
				576116C7260EA9050079A0B6 /* ViewExtension.swift */,
				576116BE260EA3AE0079A0B6 /* UIColorExtension.swift */,
				576116C0260EA3AE0079A0B6 /* LinearGradientExtension.swift */,
				576116BF260EA3AE0079A0B6 /* ColorExtension.swift */,
			);
			path = NeumorpExt;
			sourceTree = "<group>";
		};
		576B2972262A381200E5AE31 /* GuiExt */ = {
			isa = PBXGroup;
			children = (
				576B2973262A383E00E5AE31 /* GuiPickupButton.swift */,
			);
			path = GuiExt;
			sourceTree = "<group>";
		};
/* End PBXGroup section */

/* Begin PBXNativeTarget section */
		576116A8260EA2A30079A0B6 /* GUIApp */ = {
			isa = PBXNativeTarget;
			buildConfigurationList = 576116B8260EA2A40079A0B6 /* Build configuration list for PBXNativeTarget "GUIApp" */;
			buildPhases = (
				576116A5260EA2A30079A0B6 /* Sources */,
				576116A6260EA2A30079A0B6 /* Frameworks */,
				576116A7260EA2A30079A0B6 /* Resources */,
			);
			buildRules = (
			);
			dependencies = (
			);
			name = GUIApp;
			productName = GUIApp;
			productReference = 576116A9260EA2A30079A0B6 /* GUIApp.app */;
			productType = "com.apple.product-type.application";
		};
/* End PBXNativeTarget section */

/* Begin PBXProject section */
		576116A1260EA2A30079A0B6 /* Project object */ = {
			isa = PBXProject;
			attributes = {
				LastSwiftUpdateCheck = 1220;
				LastUpgradeCheck = 1220;
				TargetAttributes = {
					576116A8260EA2A30079A0B6 = {
						CreatedOnToolsVersion = 12.2;
					};
				};
			};
			buildConfigurationList = 576116A4260EA2A30079A0B6 /* Build configuration list for PBXProject "GUIApp" */;
			compatibilityVersion = "Xcode 9.3";
			developmentRegion = en;
			hasScannedForEncodings = 0;
			knownRegions = (
				en,
				Base,
			);
			mainGroup = 576116A0260EA2A30079A0B6;
			productRefGroup = 576116AA260EA2A30079A0B6 /* Products */;
			projectDirPath = "";
			projectRoot = "";
			targets = (
				576116A8260EA2A30079A0B6 /* GUIApp */,
			);
		};
/* End PBXProject section */

/* Begin PBXResourcesBuildPhase section */
		576116A7260EA2A30079A0B6 /* Resources */ = {
			isa = PBXResourcesBuildPhase;
			buildActionMask = 2147483647;
			files = (
				576116B4260EA2A40079A0B6 /* Preview Assets.xcassets in Resources */,
				576B29662628E70000E5AE31 /* Guitar1.jpg in Resources */,
				576116B1260EA2A40079A0B6 /* Assets.xcassets in Resources */,
			);
			runOnlyForDeploymentPostprocessing = 0;
		};
/* End PBXResourcesBuildPhase section */

/* Begin PBXSourcesBuildPhase section */
		576116A5260EA2A30079A0B6 /* Sources */ = {
			isa = PBXSourcesBuildPhase;
			buildActionMask = 2147483647;
			files = (
				576116C8260EA9050079A0B6 /* ViewExtension.swift in Sources */,
				576116AF260EA2A30079A0B6 /* ContentView.swift in Sources */,
				576116AD260EA2A30079A0B6 /* GUIAppApp.swift in Sources */,
				576116C1260EA3AE0079A0B6 /* UIColorExtension.swift in Sources */,
				576B29622627B23300E5AE31 /* SetUpTwo.swift in Sources */,
				576B2933262772DA00E5AE31 /* SetUpOne.swift in Sources */,
				576116C3260EA3AE0079A0B6 /* LinearGradientExtension.swift in Sources */,
				576B2974262A383E00E5AE31 /* GuiPickupButton.swift in Sources */,
				576116C2260EA3AE0079A0B6 /* ColorExtension.swift in Sources */,
			);
			runOnlyForDeploymentPostprocessing = 0;
		};
/* End PBXSourcesBuildPhase section */

/* Begin XCBuildConfiguration section */
		576116B6260EA2A40079A0B6 /* Debug */ = {
			isa = XCBuildConfiguration;
			buildSettings = {
				ALWAYS_SEARCH_USER_PATHS = NO;
				CLANG_ANALYZER_NONNULL = YES;
				CLANG_ANALYZER_NUMBER_OBJECT_CONVERSION = YES_AGGRESSIVE;
				CLANG_CXX_LANGUAGE_STANDARD = "gnu++14";
				CLANG_CXX_LIBRARY = "libc++";
				CLANG_ENABLE_MODULES = YES;
				CLANG_ENABLE_OBJC_ARC = YES;
				CLANG_ENABLE_OBJC_WEAK = YES;
				CLANG_WARN_BLOCK_CAPTURE_AUTORELEASING = YES;
				CLANG_WARN_BOOL_CONVERSION = YES;
				CLANG_WARN_COMMA = YES;
				CLANG_WARN_CONSTANT_CONVERSION = YES;
				CLANG_WARN_DEPRECATED_OBJC_IMPLEMENTATIONS = YES;
				CLANG_WARN_DIRECT_OBJC_ISA_USAGE = YES_ERROR;
				CLANG_WARN_DOCUMENTATION_COMMENTS = YES;
				CLANG_WARN_EMPTY_BODY = YES;
				CLANG_WARN_ENUM_CONVERSION = YES;
				CLANG_WARN_INFINITE_RECURSION = YES;
				CLANG_WARN_INT_CONVERSION = YES;
				CLANG_WARN_NON_LITERAL_NULL_CONVERSION = YES;
				CLANG_WARN_OBJC_IMPLICIT_RETAIN_SELF = YES;
				CLANG_WARN_OBJC_LITERAL_CONVERSION = YES;
				CLANG_WARN_OBJC_ROOT_CLASS = YES_ERROR;
				CLANG_WARN_QUOTED_INCLUDE_IN_FRAMEWORK_HEADER = YES;
				CLANG_WARN_RANGE_LOOP_ANALYSIS = YES;
				CLANG_WARN_STRICT_PROTOTYPES = YES;
				CLANG_WARN_SUSPICIOUS_MOVE = YES;
				CLANG_WARN_UNGUARDED_AVAILABILITY = YES_AGGRESSIVE;
				CLANG_WARN_UNREACHABLE_CODE = YES;
				CLANG_WARN__DUPLICATE_METHOD_MATCH = YES;
				COPY_PHASE_STRIP = NO;
				DEBUG_INFORMATION_FORMAT = dwarf;
				ENABLE_STRICT_OBJC_MSGSEND = YES;
				ENABLE_TESTABILITY = YES;
				GCC_C_LANGUAGE_STANDARD = gnu11;
				GCC_DYNAMIC_NO_PIC = NO;
				GCC_NO_COMMON_BLOCKS = YES;
				GCC_OPTIMIZATION_LEVEL = 0;
				GCC_PREPROCESSOR_DEFINITIONS = (
					"DEBUG=1",
					"$(inherited)",
				);
				GCC_WARN_64_TO_32_BIT_CONVERSION = YES;
				GCC_WARN_ABOUT_RETURN_TYPE = YES_ERROR;
				GCC_WARN_UNDECLARED_SELECTOR = YES;
				GCC_WARN_UNINITIALIZED_AUTOS = YES_AGGRESSIVE;
				GCC_WARN_UNUSED_FUNCTION = YES;
				GCC_WARN_UNUSED_VARIABLE = YES;
				IPHONEOS_DEPLOYMENT_TARGET = 14.2;
				MTL_ENABLE_DEBUG_INFO = INCLUDE_SOURCE;
				MTL_FAST_MATH = YES;
				ONLY_ACTIVE_ARCH = YES;
				SDKROOT = iphoneos;
				SWIFT_ACTIVE_COMPILATION_CONDITIONS = DEBUG;
				SWIFT_OPTIMIZATION_LEVEL = "-Onone";
			};
			name = Debug;
		};
		576116B7260EA2A40079A0B6 /* Release */ = {
			isa = XCBuildConfiguration;
			buildSettings = {
				ALWAYS_SEARCH_USER_PATHS = NO;
				CLANG_ANALYZER_NONNULL = YES;
				CLANG_ANALYZER_NUMBER_OBJECT_CONVERSION = YES_AGGRESSIVE;
				CLANG_CXX_LANGUAGE_STANDARD = "gnu++14";
				CLANG_CXX_LIBRARY = "libc++";
				CLANG_ENABLE_MODULES = YES;
				CLANG_ENABLE_OBJC_ARC = YES;
				CLANG_ENABLE_OBJC_WEAK = YES;
				CLANG_WARN_BLOCK_CAPTURE_AUTORELEASING = YES;
				CLANG_WARN_BOOL_CONVERSION = YES;
				CLANG_WARN_COMMA = YES;
				CLANG_WARN_CONSTANT_CONVERSION = YES;
				CLANG_WARN_DEPRECATED_OBJC_IMPLEMENTATIONS = YES;
				CLANG_WARN_DIRECT_OBJC_ISA_USAGE = YES_ERROR;
				CLANG_WARN_DOCUMENTATION_COMMENTS = YES;
				CLANG_WARN_EMPTY_BODY = YES;
				CLANG_WARN_ENUM_CONVERSION = YES;
				CLANG_WARN_INFINITE_RECURSION = YES;
				CLANG_WARN_INT_CONVERSION = YES;
				CLANG_WARN_NON_LITERAL_NULL_CONVERSION = YES;
				CLANG_WARN_OBJC_IMPLICIT_RETAIN_SELF = YES;
				CLANG_WARN_OBJC_LITERAL_CONVERSION = YES;
				CLANG_WARN_OBJC_ROOT_CLASS = YES_ERROR;
				CLANG_WARN_QUOTED_INCLUDE_IN_FRAMEWORK_HEADER = YES;
				CLANG_WARN_RANGE_LOOP_ANALYSIS = YES;
				CLANG_WARN_STRICT_PROTOTYPES = YES;
				CLANG_WARN_SUSPICIOUS_MOVE = YES;
				CLANG_WARN_UNGUARDED_AVAILABILITY = YES_AGGRESSIVE;
				CLANG_WARN_UNREACHABLE_CODE = YES;
				CLANG_WARN__DUPLICATE_METHOD_MATCH = YES;
				COPY_PHASE_STRIP = NO;
				DEBUG_INFORMATION_FORMAT = "dwarf-with-dsym";
				ENABLE_NS_ASSERTIONS = NO;
				ENABLE_STRICT_OBJC_MSGSEND = YES;
				GCC_C_LANGUAGE_STANDARD = gnu11;
				GCC_NO_COMMON_BLOCKS = YES;
				GCC_WARN_64_TO_32_BIT_CONVERSION = YES;
				GCC_WARN_ABOUT_RETURN_TYPE = YES_ERROR;
				GCC_WARN_UNDECLARED_SELECTOR = YES;
				GCC_WARN_UNINITIALIZED_AUTOS = YES_AGGRESSIVE;
				GCC_WARN_UNUSED_FUNCTION = YES;
				GCC_WARN_UNUSED_VARIABLE = YES;
				IPHONEOS_DEPLOYMENT_TARGET = 14.2;
				MTL_ENABLE_DEBUG_INFO = NO;
				MTL_FAST_MATH = YES;
				SDKROOT = iphoneos;
				SWIFT_COMPILATION_MODE = wholemodule;
				SWIFT_OPTIMIZATION_LEVEL = "-O";
				VALIDATE_PRODUCT = YES;
			};
			name = Release;
		};
		576116B9260EA2A40079A0B6 /* Debug */ = {
			isa = XCBuildConfiguration;
			buildSettings = {
				ASSETCATALOG_COMPILER_GLOBAL_ACCENT_COLOR_NAME = AccentColor;
				CODE_SIGN_STYLE = Automatic;
				DEVELOPMENT_ASSET_PATHS = "\"GUIApp/Preview Content\"";
				DEVELOPMENT_TEAM = 9NGWNQGS6L;
				ENABLE_PREVIEWS = YES;
				INFOPLIST_FILE = GUIApp/Info.plist;
				IPHONEOS_DEPLOYMENT_TARGET = 14.5;
				LD_RUNPATH_SEARCH_PATHS = (
					"$(inherited)",
					"@executable_path/Frameworks",
				);
				PRODUCT_BUNDLE_IDENTIFIER = ozGuitarWorks.myapp.GUIApp;
				PRODUCT_NAME = "$(TARGET_NAME)";
				SWIFT_VERSION = 5.0;
				TARGETED_DEVICE_FAMILY = "1,2";
			};
			name = Debug;
		};
		576116BA260EA2A40079A0B6 /* Release */ = {
			isa = XCBuildConfiguration;
			buildSettings = {
				ASSETCATALOG_COMPILER_GLOBAL_ACCENT_COLOR_NAME = AccentColor;
				CODE_SIGN_STYLE = Automatic;
				DEVELOPMENT_ASSET_PATHS = "\"GUIApp/Preview Content\"";
				DEVELOPMENT_TEAM = 9NGWNQGS6L;
				ENABLE_PREVIEWS = YES;
				INFOPLIST_FILE = GUIApp/Info.plist;
				IPHONEOS_DEPLOYMENT_TARGET = 14.5;
				LD_RUNPATH_SEARCH_PATHS = (
					"$(inherited)",
					"@executable_path/Frameworks",
				);
				PRODUCT_BUNDLE_IDENTIFIER = ozGuitarWorks.myapp.GUIApp;
				PRODUCT_NAME = "$(TARGET_NAME)";
				SWIFT_VERSION = 5.0;
				TARGETED_DEVICE_FAMILY = "1,2";
			};
			name = Release;
		};
/* End XCBuildConfiguration section */

/* Begin XCConfigurationList section */
		576116A4260EA2A30079A0B6 /* Build configuration list for PBXProject "GUIApp" */ = {
			isa = XCConfigurationList;
			buildConfigurations = (
				576116B6260EA2A40079A0B6 /* Debug */,
				576116B7260EA2A40079A0B6 /* Release */,
			);
			defaultConfigurationIsVisible = 0;
			defaultConfigurationName = Release;
		};
		576116B8260EA2A40079A0B6 /* Build configuration list for PBXNativeTarget "GUIApp" */ = {
			isa = XCConfigurationList;
			buildConfigurations = (
				576116B9260EA2A40079A0B6 /* Debug */,
				576116BA260EA2A40079A0B6 /* Release */,
			);
			defaultConfigurationIsVisible = 0;
			defaultConfigurationName = Release;
		};
/* End XCConfigurationList section */
	};
	rootObject = 576116A1260EA2A30079A0B6 /* Project object */;
}
